
Microsoft Visual Studio Solution File, Format Version 12.00
# Visual Studio 14
VisualStudioVersion = 14.0.23107.0
MinimumVisualStudioVersion = 10.0.40219.1
Project("{FAE04EC0-301F-11D3-BF4B-00C04F79EFBC}") = "DomacaZadaca1", "DomacaZadaca1\DomacaZadaca1.csproj", "{C3082FCB-66A7-47BE-817E-72E7DA50345D}"
EndProject
Project("{FAE04EC0-301F-11D3-BF4B-00C04F79EFBC}") = "PongGame", "PongGame\PongGame.csproj", "{3E722286-1EA6-449D-8A9C-024D4CD9FAC0}"
EndProject
Global
	GlobalSection(SolutionConfigurationPlatforms) = preSolution
		Debug|Any CPU = Debug|Any CPU
		Debug|x86 = Debug|x86
		Release|Any CPU = Release|Any CPU
		Release|x86 = Release|x86
	EndGlobalSection
	GlobalSection(ProjectConfigurationPlatforms) = postSolution
		{C3082FCB-66A7-47BE-817E-72E7DA50345D}.Debug|Any CPU.ActiveCfg = Debug|Any CPU
		{C3082FCB-66A7-47BE-817E-72E7DA50345D}.Debug|Any CPU.Build.0 = Debug|Any CPU
		{C3082FCB-66A7-47BE-817E-72E7DA50345D}.Debug|x86.ActiveCfg = Debug|Any CPU
		{C3082FCB-66A7-47BE-817E-72E7DA50345D}.Debug|x86.Build.0 = Debug|Any CPU
		{C3082FCB-66A7-47BE-817E-72E7DA50345D}.Release|Any CPU.ActiveCfg = Release|Any CPU
		{C3082FCB-66A7-47BE-817E-72E7DA50345D}.Release|Any CPU.Build.0 = Release|Any CPU
		{C3082FCB-66A7-47BE-817E-72E7DA50345D}.Release|x86.ActiveCfg = Release|Any CPU
		{C3082FCB-66A7-47BE-817E-72E7DA50345D}.Release|x86.Build.0 = Release|Any CPU
		{3E722286-1EA6-449D-8A9C-024D4CD9FAC0}.Debug|Any CPU.ActiveCfg = Debug|x86
		{3E722286-1EA6-449D-8A9C-024D4CD9FAC0}.Debug|Any CPU.Build.0 = Debug|x86
		{3E722286-1EA6-449D-8A9C-024D4CD9FAC0}.Debug|x86.ActiveCfg = Debug|x86
		{3E722286-1EA6-449D-8A9C-024D4CD9FAC0}.Debug|x86.Build.0 = Debug|x86
		{3E722286-1EA6-449D-8A9C-024D4CD9FAC0}.Release|Any CPU.ActiveCfg = Release|x86
		{3E722286-1EA6-449D-8A9C-024D4CD9FAC0}.Release|x86.ActiveCfg = Release|x86
		{3E722286-1EA6-449D-8A9C-024D4CD9FAC0}.Release|x86.Build.0 = Release|x86
	EndGlobalSection
	GlobalSection(SolutionProperties) = preSolution
		HideSolutionNode = FALSE
	EndGlobalSection
EndGlobal
